{
    "_meta": {
        "hash": {
            "sha256": "82223adc42d33c299043147cf6e98820f2ad9882fa7e18b20e5b0448cf02ff50"
        },
        "pipfile-spec": 6,
        "requires": {
            "python_version": "3.8"
        },
        "sources": [
            {
                "name": "pypi",
                "url": "https://pypi.org/simple",
                "verify_ssl": true
            }
        ]
    },
    "default": {},
    "develop": {}
}
